// !$*UTF8*$!
{
	archiveVersion = 1;
	classes = {
	};
	objectVersion = 56;
	objects = {

/* Begin PBXBuildFile section */
		F935CAAA2BBD29EE00C16CA0 /* LocationViewModel.swift in Sources */ = {isa = PBXBuildFile; fileRef = F935CAA92BBD29EE00C16CA0 /* LocationViewModel.swift */; };
		F935CAAC2BBD3A6B00C16CA0 /* MapViewModel.swift in Sources */ = {isa = PBXBuildFile; fileRef = F935CAAB2BBD3A6B00C16CA0 /* MapViewModel.swift */; };
		F935CAAE2BBD410300C16CA0 /* RegionModel.swift in Sources */ = {isa = PBXBuildFile; fileRef = F935CAAD2BBD410300C16CA0 /* RegionModel.swift */; };
		F950A78D2BB54BBB00B3B132 /* MapAnnotation.swift in Sources */ = {isa = PBXBuildFile; fileRef = F950A78C2BB54BBB00B3B132 /* MapAnnotation.swift */; };
		F95A74F12BB4626F006993F9 /* TabView.swift in Sources */ = {isa = PBXBuildFile; fileRef = F95A74F02BB4626F006993F9 /* TabView.swift */; };
		F95A74F32BB46447006993F9 /* LocationWeatherView.swift in Sources */ = {isa = PBXBuildFile; fileRef = F95A74F22BB46447006993F9 /* LocationWeatherView.swift */; };
		F95A74F52BB464F6006993F9 /* DetailWeatherView.swift in Sources */ = {isa = PBXBuildFile; fileRef = F95A74F42BB464F6006993F9 /* DetailWeatherView.swift */; };
		F96C43B02BBA492B001D9678 /* View.swift in Sources */ = {isa = PBXBuildFile; fileRef = F96C43AF2BBA492B001D9678 /* View.swift */; };
		F96C43B52BBA664C001D9678 /* AddSearch.swift in Sources */ = {isa = PBXBuildFile; fileRef = F96C43B42BBA664C001D9678 /* AddSearch.swift */; };
		F96C43B92BBAFB1A001D9678 /* API_Key.plist in Resources */ = {isa = PBXBuildFile; fileRef = F96C43B82BBAFB1A001D9678 /* API_Key.plist */; };
		F96C43BC2BBAFD7D001D9678 /* Bundle.swift in Sources */ = {isa = PBXBuildFile; fileRef = F96C43BB2BBAFD7D001D9678 /* Bundle.swift */; };
		F96C43BF2BBB0008001D9678 /* DTOs.swift in Sources */ = {isa = PBXBuildFile; fileRef = F96C43BE2BBB0008001D9678 /* DTOs.swift */; };
		F96C43C22BBB9E5D001D9678 /* WeatherEntity.swift in Sources */ = {isa = PBXBuildFile; fileRef = F96C43C12BBB9E5D001D9678 /* WeatherEntity.swift */; };
		F96C43C42BBB9E8A001D9678 /* WeatherRepository.swift in Sources */ = {isa = PBXBuildFile; fileRef = F96C43C32BBB9E8A001D9678 /* WeatherRepository.swift */; };
		F96C43C62BBBECF0001D9678 /* WeatherUseCase.swift in Sources */ = {isa = PBXBuildFile; fileRef = F96C43C52BBBECF0001D9678 /* WeatherUseCase.swift */; };
		F98D655B2BB1087900EC7A4F /* MapWeatherAppApp.swift in Sources */ = {isa = PBXBuildFile; fileRef = F98D655A2BB1087900EC7A4F /* MapWeatherAppApp.swift */; };
		F98D655D2BB1087900EC7A4F /* MapView.swift in Sources */ = {isa = PBXBuildFile; fileRef = F98D655C2BB1087900EC7A4F /* MapView.swift */; };
		F98D655F2BB1087900EC7A4F /* Item.swift in Sources */ = {isa = PBXBuildFile; fileRef = F98D655E2BB1087900EC7A4F /* Item.swift */; };
		F98D65612BB1087A00EC7A4F /* Assets.xcassets in Resources */ = {isa = PBXBuildFile; fileRef = F98D65602BB1087A00EC7A4F /* Assets.xcassets */; };
		F98D65642BB1087A00EC7A4F /* Preview Assets.xcassets in Resources */ = {isa = PBXBuildFile; fileRef = F98D65632BB1087A00EC7A4F /* Preview Assets.xcassets */; };
		F98D656E2BB1087A00EC7A4F /* MapWeatherAppTests.swift in Sources */ = {isa = PBXBuildFile; fileRef = F98D656D2BB1087A00EC7A4F /* MapWeatherAppTests.swift */; };
		F98D65782BB1087A00EC7A4F /* MapWeatherAppUITests.swift in Sources */ = {isa = PBXBuildFile; fileRef = F98D65772BB1087A00EC7A4F /* MapWeatherAppUITests.swift */; };
		F98D657A2BB1087A00EC7A4F /* MapWeatherAppUITestsLaunchTests.swift in Sources */ = {isa = PBXBuildFile; fileRef = F98D65792BB1087A00EC7A4F /* MapWeatherAppUITestsLaunchTests.swift */; };
/* End PBXBuildFile section */

/* Begin PBXContainerItemProxy section */
		F98D656A2BB1087A00EC7A4F /* PBXContainerItemProxy */ = {
			isa = PBXContainerItemProxy;
			containerPortal = F98D654F2BB1087900EC7A4F /* Project object */;
			proxyType = 1;
			remoteGlobalIDString = F98D65562BB1087900EC7A4F;
			remoteInfo = MapWeatherApp;
		};
		F98D65742BB1087A00EC7A4F /* PBXContainerItemProxy */ = {
			isa = PBXContainerItemProxy;
			containerPortal = F98D654F2BB1087900EC7A4F /* Project object */;
			proxyType = 1;
			remoteGlobalIDString = F98D65562BB1087900EC7A4F;
			remoteInfo = MapWeatherApp;
		};
/* End PBXContainerItemProxy section */

/* Begin PBXFileReference section */
		F935CAA92BBD29EE00C16CA0 /* LocationViewModel.swift */ = {isa = PBXFileReference; lastKnownFileType = sourcecode.swift; path = LocationViewModel.swift; sourceTree = "<group>"; };
		F935CAAB2BBD3A6B00C16CA0 /* MapViewModel.swift */ = {isa = PBXFileReference; lastKnownFileType = sourcecode.swift; path = MapViewModel.swift; sourceTree = "<group>"; };
		F935CAAD2BBD410300C16CA0 /* RegionModel.swift */ = {isa = PBXFileReference; lastKnownFileType = sourcecode.swift; path = RegionModel.swift; sourceTree = "<group>"; };
		F950A78C2BB54BBB00B3B132 /* MapAnnotation.swift */ = {isa = PBXFileReference; lastKnownFileType = sourcecode.swift; path = MapAnnotation.swift; sourceTree = "<group>"; };
		F95A74F02BB4626F006993F9 /* TabView.swift */ = {isa = PBXFileReference; lastKnownFileType = sourcecode.swift; path = TabView.swift; sourceTree = "<group>"; };
		F95A74F22BB46447006993F9 /* LocationWeatherView.swift */ = {isa = PBXFileReference; lastKnownFileType = sourcecode.swift; path = LocationWeatherView.swift; sourceTree = "<group>"; };
		F95A74F42BB464F6006993F9 /* DetailWeatherView.swift */ = {isa = PBXFileReference; lastKnownFileType = sourcecode.swift; path = DetailWeatherView.swift; sourceTree = "<group>"; };
		F96C43AF2BBA492B001D9678 /* View.swift */ = {isa = PBXFileReference; lastKnownFileType = sourcecode.swift; path = View.swift; sourceTree = "<group>"; };
		F96C43B42BBA664C001D9678 /* AddSearch.swift */ = {isa = PBXFileReference; lastKnownFileType = sourcecode.swift; path = AddSearch.swift; sourceTree = "<group>"; };
		F96C43B82BBAFB1A001D9678 /* API_Key.plist */ = {isa = PBXFileReference; lastKnownFileType = text.plist.xml; path = API_Key.plist; sourceTree = "<group>"; };
		F96C43BB2BBAFD7D001D9678 /* Bundle.swift */ = {isa = PBXFileReference; lastKnownFileType = sourcecode.swift; path = Bundle.swift; sourceTree = "<group>"; };
		F96C43BE2BBB0008001D9678 /* DTOs.swift */ = {isa = PBXFileReference; lastKnownFileType = sourcecode.swift; path = DTOs.swift; sourceTree = "<group>"; };
		F96C43C12BBB9E5D001D9678 /* WeatherEntity.swift */ = {isa = PBXFileReference; lastKnownFileType = sourcecode.swift; path = WeatherEntity.swift; sourceTree = "<group>"; };
		F96C43C32BBB9E8A001D9678 /* WeatherRepository.swift */ = {isa = PBXFileReference; lastKnownFileType = sourcecode.swift; path = WeatherRepository.swift; sourceTree = "<group>"; };
		F96C43C52BBBECF0001D9678 /* WeatherUseCase.swift */ = {isa = PBXFileReference; lastKnownFileType = sourcecode.swift; path = WeatherUseCase.swift; sourceTree = "<group>"; };
		F98D65572BB1087900EC7A4F /* MapWeatherApp.app */ = {isa = PBXFileReference; explicitFileType = wrapper.application; includeInIndex = 0; path = MapWeatherApp.app; sourceTree = BUILT_PRODUCTS_DIR; };
		F98D655A2BB1087900EC7A4F /* MapWeatherAppApp.swift */ = {isa = PBXFileReference; lastKnownFileType = sourcecode.swift; path = MapWeatherAppApp.swift; sourceTree = "<group>"; };
		F98D655C2BB1087900EC7A4F /* MapView.swift */ = {isa = PBXFileReference; lastKnownFileType = sourcecode.swift; path = MapView.swift; sourceTree = "<group>"; };
		F98D655E2BB1087900EC7A4F /* Item.swift */ = {isa = PBXFileReference; lastKnownFileType = sourcecode.swift; path = Item.swift; sourceTree = "<group>"; };
		F98D65602BB1087A00EC7A4F /* Assets.xcassets */ = {isa = PBXFileReference; lastKnownFileType = folder.assetcatalog; path = Assets.xcassets; sourceTree = "<group>"; };
		F98D65632BB1087A00EC7A4F /* Preview Assets.xcassets */ = {isa = PBXFileReference; lastKnownFileType = folder.assetcatalog; path = "Preview Assets.xcassets"; sourceTree = "<group>"; };
		F98D65692BB1087A00EC7A4F /* MapWeatherAppTests.xctest */ = {isa = PBXFileReference; explicitFileType = wrapper.cfbundle; includeInIndex = 0; path = MapWeatherAppTests.xctest; sourceTree = BUILT_PRODUCTS_DIR; };
		F98D656D2BB1087A00EC7A4F /* MapWeatherAppTests.swift */ = {isa = PBXFileReference; lastKnownFileType = sourcecode.swift; path = MapWeatherAppTests.swift; sourceTree = "<group>"; };
		F98D65732BB1087A00EC7A4F /* MapWeatherAppUITests.xctest */ = {isa = PBXFileReference; explicitFileType = wrapper.cfbundle; includeInIndex = 0; path = MapWeatherAppUITests.xctest; sourceTree = BUILT_PRODUCTS_DIR; };
		F98D65772BB1087A00EC7A4F /* MapWeatherAppUITests.swift */ = {isa = PBXFileReference; lastKnownFileType = sourcecode.swift; path = MapWeatherAppUITests.swift; sourceTree = "<group>"; };
		F98D65792BB1087A00EC7A4F /* MapWeatherAppUITestsLaunchTests.swift */ = {isa = PBXFileReference; lastKnownFileType = sourcecode.swift; path = MapWeatherAppUITestsLaunchTests.swift; sourceTree = "<group>"; };
/* End PBXFileReference section */

/* Begin PBXFrameworksBuildPhase section */
		F98D65542BB1087900EC7A4F /* Frameworks */ = {
			isa = PBXFrameworksBuildPhase;
			buildActionMask = 2147483647;
			files = (
			);
			runOnlyForDeploymentPostprocessing = 0;
		};
		F98D65662BB1087A00EC7A4F /* Frameworks */ = {
			isa = PBXFrameworksBuildPhase;
			buildActionMask = 2147483647;
			files = (
			);
			runOnlyForDeploymentPostprocessing = 0;
		};
		F98D65702BB1087A00EC7A4F /* Frameworks */ = {
			isa = PBXFrameworksBuildPhase;
			buildActionMask = 2147483647;
			files = (
			);
			runOnlyForDeploymentPostprocessing = 0;
		};
/* End PBXFrameworksBuildPhase section */

/* Begin PBXGroup section */
		F950A7892BB54B9000B3B132 /* Model */ = {
			isa = PBXGroup;
			children = (
				F950A78C2BB54BBB00B3B132 /* MapAnnotation.swift */,
			);
			path = Model;
			sourceTree = "<group>";
		};
		F96C43AE2BBA491E001D9678 /* Extensions */ = {
			isa = PBXGroup;
			children = (
				F96C43AF2BBA492B001D9678 /* View.swift */,
				F96C43BB2BBAFD7D001D9678 /* Bundle.swift */,
			);
			path = Extensions;
			sourceTree = "<group>";
		};
		F96C43B32BBA6635001D9678 /* Helper */ = {
			isa = PBXGroup;
			children = (
				F96C43B42BBA664C001D9678 /* AddSearch.swift */,
			);
			path = Helper;
			sourceTree = "<group>";
		};
		F96C43BA2BBAFD3E001D9678 /* Resource */ = {
			isa = PBXGroup;
			children = (
				F96C43B82BBAFB1A001D9678 /* API_Key.plist */,
				F98D65602BB1087A00EC7A4F /* Assets.xcassets */,
			);
			path = Resource;
			sourceTree = "<group>";
		};
		F96C43BD2BBAFFFD001D9678 /* Data */ = {
			isa = PBXGroup;
			children = (
				F96C43BE2BBB0008001D9678 /* DTOs.swift */,
				F96C43C32BBB9E8A001D9678 /* WeatherRepository.swift */,
			);
			path = Data;
			sourceTree = "<group>";
		};
		F96C43C02BBB9E51001D9678 /* Domain */ = {
			isa = PBXGroup;
			children = (
				F96C43C12BBB9E5D001D9678 /* WeatherEntity.swift */,
				F96C43C52BBBECF0001D9678 /* WeatherUseCase.swift */,
			);
			path = Domain;
			sourceTree = "<group>";
		};
		F96C43C72BBBEEDB001D9678 /* Presentation */ = {
			isa = PBXGroup;
			children = (
				F95A74F02BB4626F006993F9 /* TabView.swift */,
				F96C43C82BBBEEE8001D9678 /* MapView */,
				F96C43C92BBBEEEC001D9678 /* LocationView */,
			);
			path = Presentation;
			sourceTree = "<group>";
		};
		F96C43C82BBBEEE8001D9678 /* MapView */ = {
			isa = PBXGroup;
			children = (
				F98D655C2BB1087900EC7A4F /* MapView.swift */,
				F935CAAB2BBD3A6B00C16CA0 /* MapViewModel.swift */,
				F935CAAD2BBD410300C16CA0 /* RegionModel.swift */,
			);
			path = MapView;
			sourceTree = "<group>";
		};
		F96C43C92BBBEEEC001D9678 /* LocationView */ = {
			isa = PBXGroup;
			children = (
				F95A74F22BB46447006993F9 /* LocationWeatherView.swift */,
				F95A74F42BB464F6006993F9 /* DetailWeatherView.swift */,
				F935CAA92BBD29EE00C16CA0 /* LocationViewModel.swift */,
			);
			path = LocationView;
			sourceTree = "<group>";
		};
		F98D654E2BB1087900EC7A4F = {
			isa = PBXGroup;
			children = (
				F96C43BA2BBAFD3E001D9678 /* Resource */,
				F98D65592BB1087900EC7A4F /* MapWeatherApp */,
				F98D656C2BB1087A00EC7A4F /* MapWeatherAppTests */,
				F98D65762BB1087A00EC7A4F /* MapWeatherAppUITests */,
				F98D65582BB1087900EC7A4F /* Products */,
			);
			sourceTree = "<group>";
		};
		F98D65582BB1087900EC7A4F /* Products */ = {
			isa = PBXGroup;
			children = (
				F98D65572BB1087900EC7A4F /* MapWeatherApp.app */,
				F98D65692BB1087A00EC7A4F /* MapWeatherAppTests.xctest */,
				F98D65732BB1087A00EC7A4F /* MapWeatherAppUITests.xctest */,
			);
			name = Products;
			sourceTree = "<group>";
		};
		F98D65592BB1087900EC7A4F /* MapWeatherApp */ = {
			isa = PBXGroup;
			children = (
				F98D655A2BB1087900EC7A4F /* MapWeatherAppApp.swift */,
				F96C43C72BBBEEDB001D9678 /* Presentation */,
				F96C43C02BBB9E51001D9678 /* Domain */,
				F96C43BD2BBAFFFD001D9678 /* Data */,
				F96C43B32BBA6635001D9678 /* Helper */,
				F96C43AE2BBA491E001D9678 /* Extensions */,
				F950A7892BB54B9000B3B132 /* Model */,
				F98D655E2BB1087900EC7A4F /* Item.swift */,
				F98D65622BB1087A00EC7A4F /* Preview Content */,
			);
			path = MapWeatherApp;
			sourceTree = "<group>";
		};
		F98D65622BB1087A00EC7A4F /* Preview Content */ = {
			isa = PBXGroup;
			children = (
				F98D65632BB1087A00EC7A4F /* Preview Assets.xcassets */,
			);
			path = "Preview Content";
			sourceTree = "<group>";
		};
		F98D656C2BB1087A00EC7A4F /* MapWeatherAppTests */ = {
			isa = PBXGroup;
			children = (
				F98D656D2BB1087A00EC7A4F /* MapWeatherAppTests.swift */,
			);
			path = MapWeatherAppTests;
			sourceTree = "<group>";
		};
		F98D65762BB1087A00EC7A4F /* MapWeatherAppUITests */ = {
			isa = PBXGroup;
			children = (
				F98D65772BB1087A00EC7A4F /* MapWeatherAppUITests.swift */,
				F98D65792BB1087A00EC7A4F /* MapWeatherAppUITestsLaunchTests.swift */,
			);
			path = MapWeatherAppUITests;
			sourceTree = "<group>";
		};
/* End PBXGroup section */

/* Begin PBXNativeTarget section */
		F98D65562BB1087900EC7A4F /* MapWeatherApp */ = {
			isa = PBXNativeTarget;
			buildConfigurationList = F98D657D2BB1087A00EC7A4F /* Build configuration list for PBXNativeTarget "MapWeatherApp" */;
			buildPhases = (
				F98D65532BB1087900EC7A4F /* Sources */,
				F98D65542BB1087900EC7A4F /* Frameworks */,
				F98D65552BB1087900EC7A4F /* Resources */,
			);
			buildRules = (
			);
			dependencies = (
			);
			name = MapWeatherApp;
			productName = MapWeatherApp;
			productReference = F98D65572BB1087900EC7A4F /* MapWeatherApp.app */;
			productType = "com.apple.product-type.application";
		};
		F98D65682BB1087A00EC7A4F /* MapWeatherAppTests */ = {
			isa = PBXNativeTarget;
			buildConfigurationList = F98D65802BB1087A00EC7A4F /* Build configuration list for PBXNativeTarget "MapWeatherAppTests" */;
			buildPhases = (
				F98D65652BB1087A00EC7A4F /* Sources */,
				F98D65662BB1087A00EC7A4F /* Frameworks */,
				F98D65672BB1087A00EC7A4F /* Resources */,
			);
			buildRules = (
			);
			dependencies = (
				F98D656B2BB1087A00EC7A4F /* PBXTargetDependency */,
			);
			name = MapWeatherAppTests;
			productName = MapWeatherAppTests;
			productReference = F98D65692BB1087A00EC7A4F /* MapWeatherAppTests.xctest */;
			productType = "com.apple.product-type.bundle.unit-test";
		};
		F98D65722BB1087A00EC7A4F /* MapWeatherAppUITests */ = {
			isa = PBXNativeTarget;
			buildConfigurationList = F98D65832BB1087A00EC7A4F /* Build configuration list for PBXNativeTarget "MapWeatherAppUITests" */;
			buildPhases = (
				F98D656F2BB1087A00EC7A4F /* Sources */,
				F98D65702BB1087A00EC7A4F /* Frameworks */,
				F98D65712BB1087A00EC7A4F /* Resources */,
			);
			buildRules = (
			);
			dependencies = (
				F98D65752BB1087A00EC7A4F /* PBXTargetDependency */,
			);
			name = MapWeatherAppUITests;
			productName = MapWeatherAppUITests;
			productReference = F98D65732BB1087A00EC7A4F /* MapWeatherAppUITests.xctest */;
			productType = "com.apple.product-type.bundle.ui-testing";
		};
/* End PBXNativeTarget section */

/* Begin PBXProject section */
		F98D654F2BB1087900EC7A4F /* Project object */ = {
			isa = PBXProject;
			attributes = {
				BuildIndependentTargetsInParallel = 1;
				LastSwiftUpdateCheck = 1530;
				LastUpgradeCheck = 1530;
				TargetAttributes = {
					F98D65562BB1087900EC7A4F = {
						CreatedOnToolsVersion = 15.3;
					};
					F98D65682BB1087A00EC7A4F = {
						CreatedOnToolsVersion = 15.3;
						TestTargetID = F98D65562BB1087900EC7A4F;
					};
					F98D65722BB1087A00EC7A4F = {
						CreatedOnToolsVersion = 15.3;
						TestTargetID = F98D65562BB1087900EC7A4F;
					};
				};
			};
			buildConfigurationList = F98D65522BB1087900EC7A4F /* Build configuration list for PBXProject "MapWeatherApp" */;
			compatibilityVersion = "Xcode 14.0";
			developmentRegion = en;
			hasScannedForEncodings = 0;
			knownRegions = (
				en,
				Base,
			);
			mainGroup = F98D654E2BB1087900EC7A4F;
			productRefGroup = F98D65582BB1087900EC7A4F /* Products */;
			projectDirPath = "";
			projectRoot = "";
			targets = (
				F98D65562BB1087900EC7A4F /* MapWeatherApp */,
				F98D65682BB1087A00EC7A4F /* MapWeatherAppTests */,
				F98D65722BB1087A00EC7A4F /* MapWeatherAppUITests */,
			);
		};
/* End PBXProject section */

/* Begin PBXResourcesBuildPhase section */
		F98D65552BB1087900EC7A4F /* Resources */ = {
			isa = PBXResourcesBuildPhase;
			buildActionMask = 2147483647;
			files = (
				F98D65642BB1087A00EC7A4F /* Preview Assets.xcassets in Resources */,
				F96C43B92BBAFB1A001D9678 /* API_Key.plist in Resources */,
				F98D65612BB1087A00EC7A4F /* Assets.xcassets in Resources */,
			);
			runOnlyForDeploymentPostprocessing = 0;
		};
		F98D65672BB1087A00EC7A4F /* Resources */ = {
			isa = PBXResourcesBuildPhase;
			buildActionMask = 2147483647;
			files = (
			);
			runOnlyForDeploymentPostprocessing = 0;
		};
		F98D65712BB1087A00EC7A4F /* Resources */ = {
			isa = PBXResourcesBuildPhase;
			buildActionMask = 2147483647;
			files = (
			);
			runOnlyForDeploymentPostprocessing = 0;
		};
/* End PBXResourcesBuildPhase section */

/* Begin PBXSourcesBuildPhase section */
		F98D65532BB1087900EC7A4F /* Sources */ = {
			isa = PBXSourcesBuildPhase;
			buildActionMask = 2147483647;
			files = (
				F96C43C62BBBECF0001D9678 /* WeatherUseCase.swift in Sources */,
				F96C43C42BBB9E8A001D9678 /* WeatherRepository.swift in Sources */,
				F96C43B02BBA492B001D9678 /* View.swift in Sources */,
				F95A74F52BB464F6006993F9 /* DetailWeatherView.swift in Sources */,
				F95A74F32BB46447006993F9 /* LocationWeatherView.swift in Sources */,
				F96C43BC2BBAFD7D001D9678 /* Bundle.swift in Sources */,
				F96C43BF2BBB0008001D9678 /* DTOs.swift in Sources */,
				F935CAAC2BBD3A6B00C16CA0 /* MapViewModel.swift in Sources */,
				F950A78D2BB54BBB00B3B132 /* MapAnnotation.swift in Sources */,
				F98D655D2BB1087900EC7A4F /* MapView.swift in Sources */,
				F96C43C22BBB9E5D001D9678 /* WeatherEntity.swift in Sources */,
				F96C43B52BBA664C001D9678 /* AddSearch.swift in Sources */,
				F98D655F2BB1087900EC7A4F /* Item.swift in Sources */,
				F935CAAE2BBD410300C16CA0 /* RegionModel.swift in Sources */,
				F95A74F12BB4626F006993F9 /* TabView.swift in Sources */,
				F935CAAA2BBD29EE00C16CA0 /* LocationViewModel.swift in Sources */,
				F98D655B2BB1087900EC7A4F /* MapWeatherAppApp.swift in Sources */,
			);
			runOnlyForDeploymentPostprocessing = 0;
		};
		F98D65652BB1087A00EC7A4F /* Sources */ = {
			isa = PBXSourcesBuildPhase;
			buildActionMask = 2147483647;
			files = (
				F98D656E2BB1087A00EC7A4F /* MapWeatherAppTests.swift in Sources */,
			);
			runOnlyForDeploymentPostprocessing = 0;
		};
		F98D656F2BB1087A00EC7A4F /* Sources */ = {
			isa = PBXSourcesBuildPhase;
			buildActionMask = 2147483647;
			files = (
				F98D657A2BB1087A00EC7A4F /* MapWeatherAppUITestsLaunchTests.swift in Sources */,
				F98D65782BB1087A00EC7A4F /* MapWeatherAppUITests.swift in Sources */,
			);
			runOnlyForDeploymentPostprocessing = 0;
		};
/* End PBXSourcesBuildPhase section */

/* Begin PBXTargetDependency section */
		F98D656B2BB1087A00EC7A4F /* PBXTargetDependency */ = {
			isa = PBXTargetDependency;
			target = F98D65562BB1087900EC7A4F /* MapWeatherApp */;
			targetProxy = F98D656A2BB1087A00EC7A4F /* PBXContainerItemProxy */;
		};
		F98D65752BB1087A00EC7A4F /* PBXTargetDependency */ = {
			isa = PBXTargetDependency;
			target = F98D65562BB1087900EC7A4F /* MapWeatherApp */;
			targetProxy = F98D65742BB1087A00EC7A4F /* PBXContainerItemProxy */;
		};
/* End PBXTargetDependency section */

/* Begin XCBuildConfiguration section */
		F98D657B2BB1087A00EC7A4F /* Debug */ = {
			isa = XCBuildConfiguration;
			buildSettings = {
				ALWAYS_SEARCH_USER_PATHS = NO;
				ASSETCATALOG_COMPILER_GENERATE_SWIFT_ASSET_SYMBOL_EXTENSIONS = YES;
				CLANG_ANALYZER_NONNULL = YES;
				CLANG_ANALYZER_NUMBER_OBJECT_CONVERSION = YES_AGGRESSIVE;
				CLANG_CXX_LANGUAGE_STANDARD = "gnu++20";
				CLANG_ENABLE_MODULES = YES;
				CLANG_ENABLE_OBJC_ARC = YES;
				CLANG_ENABLE_OBJC_WEAK = YES;
				CLANG_WARN_BLOCK_CAPTURE_AUTORELEASING = YES;
				CLANG_WARN_BOOL_CONVERSION = YES;
				CLANG_WARN_COMMA = YES;
				CLANG_WARN_CONSTANT_CONVERSION = YES;
				CLANG_WARN_DEPRECATED_OBJC_IMPLEMENTATIONS = YES;
				CLANG_WARN_DIRECT_OBJC_ISA_USAGE = YES_ERROR;
				CLANG_WARN_DOCUMENTATION_COMMENTS = YES;
				CLANG_WARN_EMPTY_BODY = YES;
				CLANG_WARN_ENUM_CONVERSION = YES;
				CLANG_WARN_INFINITE_RECURSION = YES;
				CLANG_WARN_INT_CONVERSION = YES;
				CLANG_WARN_NON_LITERAL_NULL_CONVERSION = YES;
				CLANG_WARN_OBJC_IMPLICIT_RETAIN_SELF = YES;
				CLANG_WARN_OBJC_LITERAL_CONVERSION = YES;
				CLANG_WARN_OBJC_ROOT_CLASS = YES_ERROR;
				CLANG_WARN_QUOTED_INCLUDE_IN_FRAMEWORK_HEADER = YES;
				CLANG_WARN_RANGE_LOOP_ANALYSIS = YES;
				CLANG_WARN_STRICT_PROTOTYPES = YES;
				CLANG_WARN_SUSPICIOUS_MOVE = YES;
				CLANG_WARN_UNGUARDED_AVAILABILITY = YES_AGGRESSIVE;
				CLANG_WARN_UNREACHABLE_CODE = YES;
				CLANG_WARN__DUPLICATE_METHOD_MATCH = YES;
				COPY_PHASE_STRIP = NO;
				DEBUG_INFORMATION_FORMAT = dwarf;
				ENABLE_STRICT_OBJC_MSGSEND = YES;
				ENABLE_TESTABILITY = YES;
				ENABLE_USER_SCRIPT_SANDBOXING = YES;
				GCC_C_LANGUAGE_STANDARD = gnu17;
				GCC_DYNAMIC_NO_PIC = NO;
				GCC_NO_COMMON_BLOCKS = YES;
				GCC_OPTIMIZATION_LEVEL = 0;
				GCC_PREPROCESSOR_DEFINITIONS = (
					"DEBUG=1",
					"$(inherited)",
				);
				GCC_WARN_64_TO_32_BIT_CONVERSION = YES;
				GCC_WARN_ABOUT_RETURN_TYPE = YES_ERROR;
				GCC_WARN_UNDECLARED_SELECTOR = YES;
				GCC_WARN_UNINITIALIZED_AUTOS = YES_AGGRESSIVE;
				GCC_WARN_UNUSED_FUNCTION = YES;
				GCC_WARN_UNUSED_VARIABLE = YES;
				IPHONEOS_DEPLOYMENT_TARGET = 17.4;
				LOCALIZATION_PREFERS_STRING_CATALOGS = YES;
				MTL_ENABLE_DEBUG_INFO = INCLUDE_SOURCE;
				MTL_FAST_MATH = YES;
				ONLY_ACTIVE_ARCH = YES;
				SDKROOT = iphoneos;
				SWIFT_ACTIVE_COMPILATION_CONDITIONS = "DEBUG $(inherited)";
				SWIFT_OPTIMIZATION_LEVEL = "-Onone";
			};
			name = Debug;
		};
		F98D657C2BB1087A00EC7A4F /* Release */ = {
			isa = XCBuildConfiguration;
			buildSettings = {
				ALWAYS_SEARCH_USER_PATHS = NO;
				ASSETCATALOG_COMPILER_GENERATE_SWIFT_ASSET_SYMBOL_EXTENSIONS = YES;
				CLANG_ANALYZER_NONNULL = YES;
				CLANG_ANALYZER_NUMBER_OBJECT_CONVERSION = YES_AGGRESSIVE;
				CLANG_CXX_LANGUAGE_STANDARD = "gnu++20";
				CLANG_ENABLE_MODULES = YES;
				CLANG_ENABLE_OBJC_ARC = YES;
				CLANG_ENABLE_OBJC_WEAK = YES;
				CLANG_WARN_BLOCK_CAPTURE_AUTORELEASING = YES;
				CLANG_WARN_BOOL_CONVERSION = YES;
				CLANG_WARN_COMMA = YES;
				CLANG_WARN_CONSTANT_CONVERSION = YES;
				CLANG_WARN_DEPRECATED_OBJC_IMPLEMENTATIONS = YES;
				CLANG_WARN_DIRECT_OBJC_ISA_USAGE = YES_ERROR;
				CLANG_WARN_DOCUMENTATION_COMMENTS = YES;
				CLANG_WARN_EMPTY_BODY = YES;
				CLANG_WARN_ENUM_CONVERSION = YES;
				CLANG_WARN_INFINITE_RECURSION = YES;
				CLANG_WARN_INT_CONVERSION = YES;
				CLANG_WARN_NON_LITERAL_NULL_CONVERSION = YES;
				CLANG_WARN_OBJC_IMPLICIT_RETAIN_SELF = YES;
				CLANG_WARN_OBJC_LITERAL_CONVERSION = YES;
				CLANG_WARN_OBJC_ROOT_CLASS = YES_ERROR;
				CLANG_WARN_QUOTED_INCLUDE_IN_FRAMEWORK_HEADER = YES;
				CLANG_WARN_RANGE_LOOP_ANALYSIS = YES;
				CLANG_WARN_STRICT_PROTOTYPES = YES;
				CLANG_WARN_SUSPICIOUS_MOVE = YES;
				CLANG_WARN_UNGUARDED_AVAILABILITY = YES_AGGRESSIVE;
				CLANG_WARN_UNREACHABLE_CODE = YES;
				CLANG_WARN__DUPLICATE_METHOD_MATCH = YES;
				COPY_PHASE_STRIP = NO;
				DEBUG_INFORMATION_FORMAT = "dwarf-with-dsym";
				ENABLE_NS_ASSERTIONS = NO;
				ENABLE_STRICT_OBJC_MSGSEND = YES;
				ENABLE_USER_SCRIPT_SANDBOXING = YES;
				GCC_C_LANGUAGE_STANDARD = gnu17;
				GCC_NO_COMMON_BLOCKS = YES;
				GCC_WARN_64_TO_32_BIT_CONVERSION = YES;
				GCC_WARN_ABOUT_RETURN_TYPE = YES_ERROR;
				GCC_WARN_UNDECLARED_SELECTOR = YES;
				GCC_WARN_UNINITIALIZED_AUTOS = YES_AGGRESSIVE;
				GCC_WARN_UNUSED_FUNCTION = YES;
				GCC_WARN_UNUSED_VARIABLE = YES;
				IPHONEOS_DEPLOYMENT_TARGET = 17.4;
				LOCALIZATION_PREFERS_STRING_CATALOGS = YES;
				MTL_ENABLE_DEBUG_INFO = NO;
				MTL_FAST_MATH = YES;
				SDKROOT = iphoneos;
				SWIFT_COMPILATION_MODE = wholemodule;
				VALIDATE_PRODUCT = YES;
			};
			name = Release;
		};
		F98D657E2BB1087A00EC7A4F /* Debug */ = {
			isa = XCBuildConfiguration;
			buildSettings = {
				ASSETCATALOG_COMPILER_APPICON_NAME = AppIcon;
				ASSETCATALOG_COMPILER_GLOBAL_ACCENT_COLOR_NAME = AccentColor;
				CODE_SIGN_STYLE = Automatic;
				CURRENT_PROJECT_VERSION = 1;
				DEVELOPMENT_ASSET_PATHS = "\"MapWeatherApp/Preview Content\"";
				DEVELOPMENT_TEAM = 52TADTDD5Y;
				ENABLE_PREVIEWS = YES;
				GENERATE_INFOPLIST_FILE = YES;
				INFOPLIST_KEY_UIApplicationSceneManifest_Generation = YES;
				INFOPLIST_KEY_UIApplicationSupportsIndirectInputEvents = YES;
				INFOPLIST_KEY_UILaunchScreen_Generation = YES;
				INFOPLIST_KEY_UISupportedInterfaceOrientations_iPad = "UIInterfaceOrientationPortrait UIInterfaceOrientationPortraitUpsideDown UIInterfaceOrientationLandscapeLeft UIInterfaceOrientationLandscapeRight";
				INFOPLIST_KEY_UISupportedInterfaceOrientations_iPhone = "UIInterfaceOrientationPortrait UIInterfaceOrientationLandscapeLeft UIInterfaceOrientationLandscapeRight";
				LD_RUNPATH_SEARCH_PATHS = (
					"$(inherited)",
					"@executable_path/Frameworks",
				);
				MARKETING_VERSION = 1.0;
				PRODUCT_BUNDLE_IDENTIFIER = kwangjo93.MapWeatherApp;
				PRODUCT_NAME = "$(TARGET_NAME)";
				SWIFT_EMIT_LOC_STRINGS = YES;
				SWIFT_VERSION = 5.0;
				TARGETED_DEVICE_FAMILY = "1,2";
			};
			name = Debug;
		};
		F98D657F2BB1087A00EC7A4F /* Release */ = {
			isa = XCBuildConfiguration;
			buildSettings = {
				ASSETCATALOG_COMPILER_APPICON_NAME = AppIcon;
				ASSETCATALOG_COMPILER_GLOBAL_ACCENT_COLOR_NAME = AccentColor;
				CODE_SIGN_STYLE = Automatic;
				CURRENT_PROJECT_VERSION = 1;
				DEVELOPMENT_ASSET_PATHS = "\"MapWeatherApp/Preview Content\"";
				DEVELOPMENT_TEAM = 52TADTDD5Y;
				ENABLE_PREVIEWS = YES;
				GENERATE_INFOPLIST_FILE = YES;
				INFOPLIST_KEY_UIApplicationSceneManifest_Generation = YES;
				INFOPLIST_KEY_UIApplicationSupportsIndirectInputEvents = YES;
				INFOPLIST_KEY_UILaunchScreen_Generation = YES;
				INFOPLIST_KEY_UISupportedInterfaceOrientations_iPad = "UIInterfaceOrientationPortrait UIInterfaceOrientationPortraitUpsideDown UIInterfaceOrientationLandscapeLeft UIInterfaceOrientationLandscapeRight";
				INFOPLIST_KEY_UISupportedInterfaceOrientations_iPhone = "UIInterfaceOrientationPortrait UIInterfaceOrientationLandscapeLeft UIInterfaceOrientationLandscapeRight";
				LD_RUNPATH_SEARCH_PATHS = (
					"$(inherited)",
					"@executable_path/Frameworks",
				);
				MARKETING_VERSION = 1.0;
				PRODUCT_BUNDLE_IDENTIFIER = kwangjo93.MapWeatherApp;
				PRODUCT_NAME = "$(TARGET_NAME)";
				SWIFT_EMIT_LOC_STRINGS = YES;
				SWIFT_VERSION = 5.0;
				TARGETED_DEVICE_FAMILY = "1,2";
			};
			name = Release;
		};
		F98D65812BB1087A00EC7A4F /* Debug */ = {
			isa = XCBuildConfiguration;
			buildSettings = {
				ALWAYS_EMBED_SWIFT_STANDARD_LIBRARIES = YES;
				BUNDLE_LOADER = "$(TEST_HOST)";
				CODE_SIGN_STYLE = Automatic;
				CURRENT_PROJECT_VERSION = 1;
				DEVELOPMENT_TEAM = 52TADTDD5Y;
				GENERATE_INFOPLIST_FILE = YES;
				IPHONEOS_DEPLOYMENT_TARGET = 17.4;
				MARKETING_VERSION = 1.0;
				PRODUCT_BUNDLE_IDENTIFIER = kwangjo93.MapWeatherAppTests;
				PRODUCT_NAME = "$(TARGET_NAME)";
				SWIFT_EMIT_LOC_STRINGS = NO;
				SWIFT_VERSION = 5.0;
				TARGETED_DEVICE_FAMILY = "1,2";
				TEST_HOST = "$(BUILT_PRODUCTS_DIR)/MapWeatherApp.app/$(BUNDLE_EXECUTABLE_FOLDER_PATH)/MapWeatherApp";
			};
			name = Debug;
		};
		F98D65822BB1087A00EC7A4F /* Release */ = {
			isa = XCBuildConfiguration;
			buildSettings = {
				ALWAYS_EMBED_SWIFT_STANDARD_LIBRARIES = YES;
				BUNDLE_LOADER = "$(TEST_HOST)";
				CODE_SIGN_STYLE = Automatic;
				CURRENT_PROJECT_VERSION = 1;
				DEVELOPMENT_TEAM = 52TADTDD5Y;
				GENERATE_INFOPLIST_FILE = YES;
				IPHONEOS_DEPLOYMENT_TARGET = 17.4;
				MARKETING_VERSION = 1.0;
				PRODUCT_BUNDLE_IDENTIFIER = kwangjo93.MapWeatherAppTests;
				PRODUCT_NAME = "$(TARGET_NAME)";
				SWIFT_EMIT_LOC_STRINGS = NO;
				SWIFT_VERSION = 5.0;
				TARGETED_DEVICE_FAMILY = "1,2";
				TEST_HOST = "$(BUILT_PRODUCTS_DIR)/MapWeatherApp.app/$(BUNDLE_EXECUTABLE_FOLDER_PATH)/MapWeatherApp";
			};
			name = Release;
		};
		F98D65842BB1087A00EC7A4F /* Debug */ = {
			isa = XCBuildConfiguration;
			buildSettings = {
				ALWAYS_EMBED_SWIFT_STANDARD_LIBRARIES = YES;
				CODE_SIGN_STYLE = Automatic;
				CURRENT_PROJECT_VERSION = 1;
				DEVELOPMENT_TEAM = 52TADTDD5Y;
				GENERATE_INFOPLIST_FILE = YES;
				MARKETING_VERSION = 1.0;
				PRODUCT_BUNDLE_IDENTIFIER = kwangjo93.MapWeatherAppUITests;
				PRODUCT_NAME = "$(TARGET_NAME)";
				SWIFT_EMIT_LOC_STRINGS = NO;
				SWIFT_VERSION = 5.0;
				TARGETED_DEVICE_FAMILY = "1,2";
				TEST_TARGET_NAME = MapWeatherApp;
			};
			name = Debug;
		};
		F98D65852BB1087A00EC7A4F /* Release */ = {
			isa = XCBuildConfiguration;
			buildSettings = {
				ALWAYS_EMBED_SWIFT_STANDARD_LIBRARIES = YES;
				CODE_SIGN_STYLE = Automatic;
				CURRENT_PROJECT_VERSION = 1;
				DEVELOPMENT_TEAM = 52TADTDD5Y;
				GENERATE_INFOPLIST_FILE = YES;
				MARKETING_VERSION = 1.0;
				PRODUCT_BUNDLE_IDENTIFIER = kwangjo93.MapWeatherAppUITests;
				PRODUCT_NAME = "$(TARGET_NAME)";
				SWIFT_EMIT_LOC_STRINGS = NO;
				SWIFT_VERSION = 5.0;
				TARGETED_DEVICE_FAMILY = "1,2";
				TEST_TARGET_NAME = MapWeatherApp;
			};
			name = Release;
		};
/* End XCBuildConfiguration section */

/* Begin XCConfigurationList section */
		F98D65522BB1087900EC7A4F /* Build configuration list for PBXProject "MapWeatherApp" */ = {
			isa = XCConfigurationList;
			buildConfigurations = (
				F98D657B2BB1087A00EC7A4F /* Debug */,
				F98D657C2BB1087A00EC7A4F /* Release */,
			);
			defaultConfigurationIsVisible = 0;
			defaultConfigurationName = Release;
		};
		F98D657D2BB1087A00EC7A4F /* Build configuration list for PBXNativeTarget "MapWeatherApp" */ = {
			isa = XCConfigurationList;
			buildConfigurations = (
				F98D657E2BB1087A00EC7A4F /* Debug */,
				F98D657F2BB1087A00EC7A4F /* Release */,
			);
			defaultConfigurationIsVisible = 0;
			defaultConfigurationName = Release;
		};
		F98D65802BB1087A00EC7A4F /* Build configuration list for PBXNativeTarget "MapWeatherAppTests" */ = {
			isa = XCConfigurationList;
			buildConfigurations = (
				F98D65812BB1087A00EC7A4F /* Debug */,
				F98D65822BB1087A00EC7A4F /* Release */,
			);
			defaultConfigurationIsVisible = 0;
			defaultConfigurationName = Release;
		};
		F98D65832BB1087A00EC7A4F /* Build configuration list for PBXNativeTarget "MapWeatherAppUITests" */ = {
			isa = XCConfigurationList;
			buildConfigurations = (
				F98D65842BB1087A00EC7A4F /* Debug */,
				F98D65852BB1087A00EC7A4F /* Release */,
			);
			defaultConfigurationIsVisible = 0;
			defaultConfigurationName = Release;
		};
/* End XCConfigurationList section */
	};
	rootObject = F98D654F2BB1087900EC7A4F /* Project object */;
}
